
Microsoft Visual Studio Solution File, Format Version 12.00
# Visual Studio Version 17
VisualStudioVersion = 17.12.35707.178
MinimumVisualStudioVersion = 10.0.40219.1
Project("{FAE04EC0-301F-11D3-BF4B-00C04F79EFBC}") = "Meteor_Madness", "Meteor_Madness.csproj", "{80A48703-4E03-432A-BB61-90080C4299A2}"
EndProject
Project("{2150E333-8FDC-42A3-9474-1A3956D46DE8}") = "Solution Items", "Solution Items", "{FDED041B-011B-4BF2-9BBB-66621DAAEE1F}"
EndProject
Global
	GlobalSection(SolutionConfigurationPlatforms) = preSolution
		Debug|Any CPU = Debug|Any CPU
		Release|Any CPU = Release|Any CPU
	EndGlobalSection
	GlobalSection(ProjectConfigurationPlatforms) = postSolution
		{80A48703-4E03-432A-BB61-90080C4299A2}.Debug|Any CPU.ActiveCfg = Debug|Any CPU
		{80A48703-4E03-432A-BB61-90080C4299A2}.Debug|Any CPU.Build.0 = Debug|Any CPU
		{80A48703-4E03-432A-BB61-90080C4299A2}.Release|Any CPU.ActiveCfg = Release|Any CPU
		{80A48703-4E03-432A-BB61-90080C4299A2}.Release|Any CPU.Build.0 = Release|Any CPU
	EndGlobalSection
	GlobalSection(SolutionProperties) = preSolution
		HideSolutionNode = FALSE
	EndGlobalSection
EndGlobal
